
Microsoft Visual Studio Solution File, Format Version 12.00
# Visual Studio Version 17
VisualStudioVersion = 17.3.32929.385
MinimumVisualStudioVersion = 10.0.40219.1
Project("{FAE04EC0-301F-11D3-BF4B-00C04F79EFBC}") = "NumberGuessingGame", "NumberGuessingGame.csproj", "{6BFBC047-7709-4048-AC64-4A43C2EEA363}"
EndProject
Global
	GlobalSection(SolutionConfigurationPlatforms) = preSolution
		Debug|Any CPU = Debug|Any CPU
		Release|Any CPU = Release|Any CPU
	EndGlobalSection
	GlobalSection(ProjectConfigurationPlatforms) = postSolution
		{6BFBC047-7709-4048-AC64-4A43C2EEA363}.Debug|Any CPU.ActiveCfg = Debug|Any CPU
		{6BFBC047-7709-4048-AC64-4A43C2EEA363}.Debug|Any CPU.Build.0 = Debug|Any CPU
		{6BFBC047-7709-4048-AC64-4A43C2EEA363}.Release|Any CPU.ActiveCfg = Release|Any CPU
		{6BFBC047-7709-4048-AC64-4A43C2EEA363}.Release|Any CPU.Build.0 = Release|Any CPU
	EndGlobalSection
	GlobalSection(SolutionProperties) = preSolution
		HideSolutionNode = FALSE
	EndGlobalSection
	GlobalSection(ExtensibilityGlobals) = postSolution
		SolutionGuid = {7D5218FD-DEB3-4177-B4FB-B3369E8D3CE9}
	EndGlobalSection
EndGlobal
